
Microsoft Visual Studio Solution File, Format Version 12.00
# Visual Studio Version 17
VisualStudioVersion = 17.2.32602.215
MinimumVisualStudioVersion = 10.0.40219.1
Project("{9A19103F-16F7-4668-BE54-9A1E7A4F7556}") = "ExtractorFunc", "ExtractorFunc\ExtractorFunc.csproj", "{98FD4D2A-68F9-4A0E-9C61-FB6E791CE049}"
EndProject
Project("{9A19103F-16F7-4668-BE54-9A1E7A4F7556}") = "ExtractorFunc.UnitTests", "ExtractorFunc.UnitTests\ExtractorFunc.UnitTests.csproj", "{7DD9CF16-BC4F-4FF4-B3E7-0ADED16EF2C7}"
EndProject
Project("{2150E333-8FDC-42A3-9474-1A3956D46DE8}") = "Solution Items", "Solution Items", "{424D609F-4FCA-42B8-9FFF-B5D7EF6A2162}"
	ProjectSection(SolutionItems) = preProject
		.config\dotnet-tools.json = .config\dotnet-tools.json
	EndProjectSection
EndProject
Global
	GlobalSection(SolutionConfigurationPlatforms) = preSolution
		Debug|Any CPU = Debug|Any CPU
		Release|Any CPU = Release|Any CPU
	EndGlobalSection
	GlobalSection(ProjectConfigurationPlatforms) = postSolution
		{98FD4D2A-68F9-4A0E-9C61-FB6E791CE049}.Debug|Any CPU.ActiveCfg = Debug|Any CPU
		{98FD4D2A-68F9-4A0E-9C61-FB6E791CE049}.Debug|Any CPU.Build.0 = Debug|Any CPU
		{98FD4D2A-68F9-4A0E-9C61-FB6E791CE049}.Release|Any CPU.ActiveCfg = Release|Any CPU
		{98FD4D2A-68F9-4A0E-9C61-FB6E791CE049}.Release|Any CPU.Build.0 = Release|Any CPU
		{7DD9CF16-BC4F-4FF4-B3E7-0ADED16EF2C7}.Debug|Any CPU.ActiveCfg = Debug|Any CPU
		{7DD9CF16-BC4F-4FF4-B3E7-0ADED16EF2C7}.Debug|Any CPU.Build.0 = Debug|Any CPU
		{7DD9CF16-BC4F-4FF4-B3E7-0ADED16EF2C7}.Release|Any CPU.ActiveCfg = Release|Any CPU
		{7DD9CF16-BC4F-4FF4-B3E7-0ADED16EF2C7}.Release|Any CPU.Build.0 = Release|Any CPU
	EndGlobalSection
	GlobalSection(SolutionProperties) = preSolution
		HideSolutionNode = FALSE
	EndGlobalSection
	GlobalSection(ExtensibilityGlobals) = postSolution
		SolutionGuid = {AA2BA45B-1084-4BB5-A893-FAC4326CD0A0}
	EndGlobalSection
EndGlobal
